{
  "name": "artillery-plugin-tracetest",
  "version": "0.0.29",
  "lockfileVersion": 2,
  "requires": true,
  "packages": {
    "": {
      "name": "artillery-plugin-tracetest",
      "version": "0.0.29",
      "license": "MIT",
      "dependencies": {
        "@tracetest/client": "^0.0.29",
        "debug": "^4.3.4",
        "js-yaml": "^4.1.0",
        "uuidv4": "^6.2.13"
      }
    },
    "node_modules/@opentelemetry/api": {
      "version": "1.7.0",
      "resolved": "https://registry.npmjs.org/@opentelemetry/api/-/api-1.7.0.tgz",
      "integrity": "sha512-AdY5wvN0P2vXBi3b29hxZgSFvdhdxPB9+f0B6s//P9Q8nibRWeA3cHm8UmLpio9ABigkVHJ5NMPk+Mz8VCCyrw==",
      "peer": true,
      "engines": {
        "node": ">=8.0.0"
      }
    },
    "node_modules/@opentelemetry/core": {
      "version": "1.21.0",
      "resolved": "https://registry.npmjs.org/@opentelemetry/core/-/core-1.21.0.tgz",
      "integrity": "sha512-KP+OIweb3wYoP7qTYL/j5IpOlu52uxBv5M4+QhSmmUfLyTgu1OIS71msK3chFo1D6Y61BIH3wMiMYRCxJCQctA==",
      "peer": true,
      "dependencies": {
        "@opentelemetry/semantic-conventions": "1.21.0"
      },
      "engines": {
        "node": ">=14"
      },
      "peerDependencies": {
        "@opentelemetry/api": ">=1.0.0 <1.8.0"
      }
    },
    "node_modules/@opentelemetry/resources": {
      "version": "1.21.0",
      "resolved": "https://registry.npmjs.org/@opentelemetry/resources/-/resources-1.21.0.tgz",
      "integrity": "sha512-1Z86FUxPKL6zWVy2LdhueEGl9AHDJcx+bvHStxomruz6Whd02mE3lNUMjVJ+FGRoktx/xYQcxccYb03DiUP6Yw==",
      "peer": true,
      "dependencies": {
        "@opentelemetry/core": "1.21.0",
        "@opentelemetry/semantic-conventions": "1.21.0"
      },
      "engines": {
        "node": ">=14"
      },
      "peerDependencies": {
        "@opentelemetry/api": ">=1.0.0 <1.8.0"
      }
    },
    "node_modules/@opentelemetry/sdk-trace-base": {
      "version": "1.21.0",
      "resolved": "https://registry.npmjs.org/@opentelemetry/sdk-trace-base/-/sdk-trace-base-1.21.0.tgz",
      "integrity": "sha512-yrElGX5Fv0umzp8Nxpta/XqU71+jCAyaLk34GmBzNcrW43nqbrqvdPs4gj4MVy/HcTjr6hifCDCYA3rMkajxxA==",
      "peer": true,
      "dependencies": {
        "@opentelemetry/core": "1.21.0",
        "@opentelemetry/resources": "1.21.0",
        "@opentelemetry/semantic-conventions": "1.21.0"
      },
      "engines": {
        "node": ">=14"
      },
      "peerDependencies": {
        "@opentelemetry/api": ">=1.0.0 <1.8.0"
      }
    },
    "node_modules/@opentelemetry/semantic-conventions": {
      "version": "1.21.0",
      "resolved": "https://registry.npmjs.org/@opentelemetry/semantic-conventions/-/semantic-conventions-1.21.0.tgz",
      "integrity": "sha512-lkC8kZYntxVKr7b8xmjCVUgE0a8xgDakPyDo9uSWavXPyYqLgYYGdEd2j8NxihRyb6UwpX3G/hFUF4/9q2V+/g==",
      "peer": true,
      "engines": {
        "node": ">=14"
      }
    },
    "node_modules/@tracetest/client": {
      "version": "0.0.29",
      "resolved": "https://registry.npmjs.org/@tracetest/client/-/client-0.0.29.tgz",
      "integrity": "sha512-5s7VSdE8lpoODFXPyW8w7M9WyTzOq194V/tAZXv6ZtAfiEgTnmhibhtR55hYYQzdRBW+GzkVM8I7rI6l4SdgZw==",
      "dependencies": {
        "js-yaml": "^4.1.0"
      },
      "peerDependencies": {
        "@opentelemetry/sdk-trace-base": "^1.18.1"
      }
    },
    "node_modules/@types/uuid": {
      "version": "8.3.4",
      "resolved": "https://registry.npmjs.org/@types/uuid/-/uuid-8.3.4.tgz",
      "integrity": "sha512-c/I8ZRb51j+pYGAu5CrFMRxqZ2ke4y2grEBO5AUjgSkSk+qT2Ea+OdWElz/OiMf5MNpn2b17kuVBwZLQJXzihw=="
    },
    "node_modules/argparse": {
      "version": "2.0.1",
      "resolved": "https://registry.npmjs.org/argparse/-/argparse-2.0.1.tgz",
      "integrity": "sha512-8+9WqebbFzpX9OR+Wa6O29asIogeRMzcGtAINdpMHHyAg10f05aSFVBbcEqGf/PXw1EjAZ+q2/bEBg3DvurK3Q=="
    },
    "node_modules/debug": {
      "version": "4.3.4",
      "resolved": "https://registry.npmjs.org/debug/-/debug-4.3.4.tgz",
      "integrity": "sha512-PRWFHuSU3eDtQJPvnNY7Jcket1j0t5OuOsFzPPzsekD52Zl8qUfFIPEiswXqIvHWGVHOgX+7G/vCNNhehwxfkQ==",
      "dependencies": {
        "ms": "2.1.2"
      },
      "engines": {
        "node": ">=6.0"
      },
      "peerDependenciesMeta": {
        "supports-color": {
          "optional": true
        }
      }
    },
    "node_modules/js-yaml": {
      "version": "4.1.0",
      "resolved": "https://registry.npmjs.org/js-yaml/-/js-yaml-4.1.0.tgz",
      "integrity": "sha512-wpxZs9NoxZaJESJGIZTyDEaYpl0FKSA+FB9aJiyemKhMwkxQg63h4T1KJgUGHpTqPDNRcmmYLugrRjJlBtWvRA==",
      "dependencies": {
        "argparse": "^2.0.1"
      },
      "bin": {
        "js-yaml": "bin/js-yaml.js"
      }
    },
    "node_modules/ms": {
      "version": "2.1.2",
      "resolved": "https://registry.npmjs.org/ms/-/ms-2.1.2.tgz",
      "integrity": "sha512-sGkPx+VjMtmA6MX27oA4FBFELFCZZ4S4XqeGOXCv68tT+jb3vk/RyaKWP0PTKyWtmLSM0b+adUTEvbs1PEaH2w=="
    },
    "node_modules/uuid": {
      "version": "8.3.2",
      "resolved": "https://registry.npmjs.org/uuid/-/uuid-8.3.2.tgz",
      "integrity": "sha512-+NYs2QeMWy+GWFOEm9xnn6HCDp0l7QBD7ml8zLUmJ+93Q5NF0NocErnwkTkXVFNiX3/fpC6afS8Dhb/gz7R7eg==",
      "bin": {
        "uuid": "dist/bin/uuid"
      }
    },
    "node_modules/uuidv4": {
      "version": "6.2.13",
      "resolved": "https://registry.npmjs.org/uuidv4/-/uuidv4-6.2.13.tgz",
      "integrity": "sha512-AXyzMjazYB3ovL3q051VLH06Ixj//Knx7QnUSi1T//Ie3io6CpsPu9nVMOx5MoLWh6xV0B9J0hIaxungxXUbPQ==",
      "dependencies": {
        "@types/uuid": "8.3.4",
        "uuid": "8.3.2"
      }
    }
  },
  "dependencies": {
    "@opentelemetry/api": {
      "version": "1.7.0",
      "resolved": "https://registry.npmjs.org/@opentelemetry/api/-/api-1.7.0.tgz",
      "integrity": "sha512-AdY5wvN0P2vXBi3b29hxZgSFvdhdxPB9+f0B6s//P9Q8nibRWeA3cHm8UmLpio9ABigkVHJ5NMPk+Mz8VCCyrw==",
      "peer": true
    },
    "@opentelemetry/core": {
      "version": "1.21.0",
      "resolved": "https://registry.npmjs.org/@opentelemetry/core/-/core-1.21.0.tgz",
      "integrity": "sha512-KP+OIweb3wYoP7qTYL/j5IpOlu52uxBv5M4+QhSmmUfLyTgu1OIS71msK3chFo1D6Y61BIH3wMiMYRCxJCQctA==",
      "peer": true,
      "requires": {
        "@opentelemetry/semantic-conventions": "1.21.0"
      }
    },
    "@opentelemetry/resources": {
      "version": "1.21.0",
      "resolved": "https://registry.npmjs.org/@opentelemetry/resources/-/resources-1.21.0.tgz",
      "integrity": "sha512-1Z86FUxPKL6zWVy2LdhueEGl9AHDJcx+bvHStxomruz6Whd02mE3lNUMjVJ+FGRoktx/xYQcxccYb03DiUP6Yw==",
      "peer": true,
      "requires": {
        "@opentelemetry/core": "1.21.0",
        "@opentelemetry/semantic-conventions": "1.21.0"
      }
    },
    "@opentelemetry/sdk-trace-base": {
      "version": "1.21.0",
      "resolved": "https://registry.npmjs.org/@opentelemetry/sdk-trace-base/-/sdk-trace-base-1.21.0.tgz",
      "integrity": "sha512-yrElGX5Fv0umzp8Nxpta/XqU71+jCAyaLk34GmBzNcrW43nqbrqvdPs4gj4MVy/HcTjr6hifCDCYA3rMkajxxA==",
      "peer": true,
      "requires": {
        "@opentelemetry/core": "1.21.0",
        "@opentelemetry/resources": "1.21.0",
        "@opentelemetry/semantic-conventions": "1.21.0"
      }
    },
    "@opentelemetry/semantic-conventions": {
      "version": "1.21.0",
      "resolved": "https://registry.npmjs.org/@opentelemetry/semantic-conventions/-/semantic-conventions-1.21.0.tgz",
      "integrity": "sha512-lkC8kZYntxVKr7b8xmjCVUgE0a8xgDakPyDo9uSWavXPyYqLgYYGdEd2j8NxihRyb6UwpX3G/hFUF4/9q2V+/g==",
      "peer": true
    },
    "@tracetest/client": {
      "version": "0.0.29",
      "resolved": "https://registry.npmjs.org/@tracetest/client/-/client-0.0.29.tgz",
      "integrity": "sha512-5s7VSdE8lpoODFXPyW8w7M9WyTzOq194V/tAZXv6ZtAfiEgTnmhibhtR55hYYQzdRBW+GzkVM8I7rI6l4SdgZw==",
      "requires": {
        "js-yaml": "^4.1.0"
      }
    },
    "@types/uuid": {
      "version": "8.3.4",
      "resolved": "https://registry.npmjs.org/@types/uuid/-/uuid-8.3.4.tgz",
      "integrity": "sha512-c/I8ZRb51j+pYGAu5CrFMRxqZ2ke4y2grEBO5AUjgSkSk+qT2Ea+OdWElz/OiMf5MNpn2b17kuVBwZLQJXzihw=="
    },
    "argparse": {
      "version": "2.0.1",
      "resolved": "https://registry.npmjs.org/argparse/-/argparse-2.0.1.tgz",
      "integrity": "sha512-8+9WqebbFzpX9OR+Wa6O29asIogeRMzcGtAINdpMHHyAg10f05aSFVBbcEqGf/PXw1EjAZ+q2/bEBg3DvurK3Q=="
    },
    "debug": {
      "version": "4.3.4",
      "resolved": "https://registry.npmjs.org/debug/-/debug-4.3.4.tgz",
      "integrity": "sha512-PRWFHuSU3eDtQJPvnNY7Jcket1j0t5OuOsFzPPzsekD52Zl8qUfFIPEiswXqIvHWGVHOgX+7G/vCNNhehwxfkQ==",
      "requires": {
        "ms": "2.1.2"
      }
    },
    "js-yaml": {
      "version": "4.1.0",
      "resolved": "https://registry.npmjs.org/js-yaml/-/js-yaml-4.1.0.tgz",
      "integrity": "sha512-wpxZs9NoxZaJESJGIZTyDEaYpl0FKSA+FB9aJiyemKhMwkxQg63h4T1KJgUGHpTqPDNRcmmYLugrRjJlBtWvRA==",
      "requires": {
        "argparse": "^2.0.1"
      }
    },
    "ms": {
      "version": "2.1.2",
      "resolved": "https://registry.npmjs.org/ms/-/ms-2.1.2.tgz",
      "integrity": "sha512-sGkPx+VjMtmA6MX27oA4FBFELFCZZ4S4XqeGOXCv68tT+jb3vk/RyaKWP0PTKyWtmLSM0b+adUTEvbs1PEaH2w=="
    },
    "uuid": {
      "version": "8.3.2",
      "resolved": "https://registry.npmjs.org/uuid/-/uuid-8.3.2.tgz",
      "integrity": "sha512-+NYs2QeMWy+GWFOEm9xnn6HCDp0l7QBD7ml8zLUmJ+93Q5NF0NocErnwkTkXVFNiX3/fpC6afS8Dhb/gz7R7eg=="
    },
    "uuidv4": {
      "version": "6.2.13",
      "resolved": "https://registry.npmjs.org/uuidv4/-/uuidv4-6.2.13.tgz",
      "integrity": "sha512-AXyzMjazYB3ovL3q051VLH06Ixj//Knx7QnUSi1T//Ie3io6CpsPu9nVMOx5MoLWh6xV0B9J0hIaxungxXUbPQ==",
      "requires": {
        "@types/uuid": "8.3.4",
        "uuid": "8.3.2"
      }
    }
  }
}
